// !$*UTF8*$!
{
	archiveVersion = 1;
	classes = {
	};
	objectVersion = 56;
	objects = {

/* Begin PBXBuildFile section */
		5D0E11F02A4112E1005F23C9 /* Window.swift in Sources */ = {isa = PBXBuildFile; fileRef = 5D0E11EF2A4112E1005F23C9 /* Window.swift */; };
		5D0E12012A412941005F23C9 /* cloud (1).png in Resources */ = {isa = PBXBuildFile; fileRef = 5D0E11F92A412941005F23C9 /* cloud (1).png */; };
		5D0E12022A412941005F23C9 /* chick.png in Resources */ = {isa = PBXBuildFile; fileRef = 5D0E11FA2A412941005F23C9 /* chick.png */; };
		5D0E12032A412941005F23C9 /* cat.png in Resources */ = {isa = PBXBuildFile; fileRef = 5D0E11FB2A412941005F23C9 /* cat.png */; };
		5D0E12042A412941005F23C9 /* panda (1).png in Resources */ = {isa = PBXBuildFile; fileRef = 5D0E11FC2A412941005F23C9 /* panda (1).png */; };
		5D0E12052A412941005F23C9 /* cat (1).png in Resources */ = {isa = PBXBuildFile; fileRef = 5D0E11FD2A412941005F23C9 /* cat (1).png */; };
		5D0E12062A412941005F23C9 /* panda (2).png in Resources */ = {isa = PBXBuildFile; fileRef = 5D0E11FE2A412941005F23C9 /* panda (2).png */; };
		5D0E12072A412941005F23C9 /* sandwich.png in Resources */ = {isa = PBXBuildFile; fileRef = 5D0E11FF2A412941005F23C9 /* sandwich.png */; };
		5D0E12082A412941005F23C9 /* cloud.png in Resources */ = {isa = PBXBuildFile; fileRef = 5D0E12002A412941005F23C9 /* cloud.png */; };
		5D6D77082A3D18FC00831325 /* AppDelegate.swift in Sources */ = {isa = PBXBuildFile; fileRef = 5D6D77072A3D18FC00831325 /* AppDelegate.swift */; };
		5D6D770A2A3D18FC00831325 /* ViewController.swift in Sources */ = {isa = PBXBuildFile; fileRef = 5D6D77092A3D18FC00831325 /* ViewController.swift */; };
		5D6D770C2A3D18FD00831325 /* Assets.xcassets in Resources */ = {isa = PBXBuildFile; fileRef = 5D6D770B2A3D18FD00831325 /* Assets.xcassets */; };
		5D6D770F2A3D18FD00831325 /* Main.storyboard in Resources */ = {isa = PBXBuildFile; fileRef = 5D6D770D2A3D18FD00831325 /* Main.storyboard */; };
/* End PBXBuildFile section */

/* Begin PBXFileReference section */
		5D0E11EF2A4112E1005F23C9 /* Window.swift */ = {isa = PBXFileReference; lastKnownFileType = sourcecode.swift; path = Window.swift; sourceTree = "<group>"; };
		5D0E11F92A412941005F23C9 /* cloud (1).png */ = {isa = PBXFileReference; lastKnownFileType = image.png; path = "cloud (1).png"; sourceTree = SOURCE_ROOT; };
		5D0E11FA2A412941005F23C9 /* chick.png */ = {isa = PBXFileReference; lastKnownFileType = image.png; path = chick.png; sourceTree = SOURCE_ROOT; };
		5D0E11FB2A412941005F23C9 /* cat.png */ = {isa = PBXFileReference; lastKnownFileType = image.png; path = cat.png; sourceTree = SOURCE_ROOT; };
		5D0E11FC2A412941005F23C9 /* panda (1).png */ = {isa = PBXFileReference; lastKnownFileType = image.png; path = "panda (1).png"; sourceTree = SOURCE_ROOT; };
		5D0E11FD2A412941005F23C9 /* cat (1).png */ = {isa = PBXFileReference; lastKnownFileType = image.png; path = "cat (1).png"; sourceTree = SOURCE_ROOT; };
		5D0E11FE2A412941005F23C9 /* panda (2).png */ = {isa = PBXFileReference; lastKnownFileType = image.png; path = "panda (2).png"; sourceTree = SOURCE_ROOT; };
		5D0E11FF2A412941005F23C9 /* sandwich.png */ = {isa = PBXFileReference; lastKnownFileType = image.png; path = sandwich.png; sourceTree = SOURCE_ROOT; };
		5D0E12002A412941005F23C9 /* cloud.png */ = {isa = PBXFileReference; lastKnownFileType = image.png; path = cloud.png; sourceTree = SOURCE_ROOT; };
		5D6D77042A3D18FC00831325 /* BreakTime.app */ = {isa = PBXFileReference; explicitFileType = wrapper.application; includeInIndex = 0; path = BreakTime.app; sourceTree = BUILT_PRODUCTS_DIR; };
		5D6D77072A3D18FC00831325 /* AppDelegate.swift */ = {isa = PBXFileReference; lastKnownFileType = sourcecode.swift; path = AppDelegate.swift; sourceTree = "<group>"; };
		5D6D77092A3D18FC00831325 /* ViewController.swift */ = {isa = PBXFileReference; lastKnownFileType = sourcecode.swift; path = ViewController.swift; sourceTree = "<group>"; };
		5D6D770B2A3D18FD00831325 /* Assets.xcassets */ = {isa = PBXFileReference; lastKnownFileType = folder.assetcatalog; path = Assets.xcassets; sourceTree = "<group>"; };
		5D6D770E2A3D18FD00831325 /* Base */ = {isa = PBXFileReference; lastKnownFileType = file.storyboard; name = Base; path = Base.lproj/Main.storyboard; sourceTree = "<group>"; };
		5D6D77102A3D18FD00831325 /* BreakTime.entitlements */ = {isa = PBXFileReference; lastKnownFileType = text.plist.entitlements; path = BreakTime.entitlements; sourceTree = "<group>"; };
/* End PBXFileReference section */

/* Begin PBXFrameworksBuildPhase section */
		5D6D77012A3D18FC00831325 /* Frameworks */ = {
			isa = PBXFrameworksBuildPhase;
			buildActionMask = 2147483647;
			files = (
			);
			runOnlyForDeploymentPostprocessing = 0;
		};
/* End PBXFrameworksBuildPhase section */

/* Begin PBXGroup section */
		5D6D76FB2A3D18FC00831325 = {
			isa = PBXGroup;
			children = (
				5D6D77062A3D18FC00831325 /* BreakTime */,
				5D6D77052A3D18FC00831325 /* Products */,
			);
			sourceTree = "<group>";
		};
		5D6D77052A3D18FC00831325 /* Products */ = {
			isa = PBXGroup;
			children = (
				5D6D77042A3D18FC00831325 /* BreakTime.app */,
			);
			name = Products;
			sourceTree = "<group>";
		};
		5D6D77062A3D18FC00831325 /* BreakTime */ = {
			isa = PBXGroup;
			children = (
				5D6D77072A3D18FC00831325 /* AppDelegate.swift */,
				5D6D77092A3D18FC00831325 /* ViewController.swift */,
				5D0E11EF2A4112E1005F23C9 /* Window.swift */,
				5D6D770B2A3D18FD00831325 /* Assets.xcassets */,
				5D6D770D2A3D18FD00831325 /* Main.storyboard */,
				5D0E11FD2A412941005F23C9 /* cat (1).png */,
				5D0E11FB2A412941005F23C9 /* cat.png */,
				5D0E11FA2A412941005F23C9 /* chick.png */,
				5D0E11F92A412941005F23C9 /* cloud (1).png */,
				5D0E12002A412941005F23C9 /* cloud.png */,
				5D0E11FC2A412941005F23C9 /* panda (1).png */,
				5D0E11FE2A412941005F23C9 /* panda (2).png */,
				5D0E11FF2A412941005F23C9 /* sandwich.png */,
				5D6D77102A3D18FD00831325 /* BreakTime.entitlements */,
			);
			path = BreakTime;
			sourceTree = "<group>";
		};
/* End PBXGroup section */

/* Begin PBXNativeTarget section */
		5D6D77032A3D18FC00831325 /* BreakTime */ = {
			isa = PBXNativeTarget;
			buildConfigurationList = 5D6D77132A3D18FD00831325 /* Build configuration list for PBXNativeTarget "BreakTime" */;
			buildPhases = (
				5D6D77002A3D18FC00831325 /* Sources */,
				5D6D77012A3D18FC00831325 /* Frameworks */,
				5D6D77022A3D18FC00831325 /* Resources */,
			);
			buildRules = (
			);
			dependencies = (
			);
			name = BreakTime;
			productName = BreakTime;
			productReference = 5D6D77042A3D18FC00831325 /* BreakTime.app */;
			productType = "com.apple.product-type.application";
		};
/* End PBXNativeTarget section */

/* Begin PBXProject section */
		5D6D76FC2A3D18FC00831325 /* Project object */ = {
			isa = PBXProject;
			attributes = {
				BuildIndependentTargetsInParallel = 1;
				LastSwiftUpdateCheck = 1430;
				LastUpgradeCheck = 1430;
				TargetAttributes = {
					5D6D77032A3D18FC00831325 = {
						CreatedOnToolsVersion = 14.3;
					};
				};
			};
			buildConfigurationList = 5D6D76FF2A3D18FC00831325 /* Build configuration list for PBXProject "BreakTime" */;
			compatibilityVersion = "Xcode 14.0";
			developmentRegion = en;
			hasScannedForEncodings = 0;
			knownRegions = (
				en,
				Base,
			);
			mainGroup = 5D6D76FB2A3D18FC00831325;
			productRefGroup = 5D6D77052A3D18FC00831325 /* Products */;
			projectDirPath = "";
			projectRoot = "";
			targets = (
				5D6D77032A3D18FC00831325 /* BreakTime */,
			);
		};
/* End PBXProject section */

/* Begin PBXResourcesBuildPhase section */
		5D6D77022A3D18FC00831325 /* Resources */ = {
			isa = PBXResourcesBuildPhase;
			buildActionMask = 2147483647;
			files = (
				5D0E12032A412941005F23C9 /* cat.png in Resources */,
				5D0E12052A412941005F23C9 /* cat (1).png in Resources */,
				5D6D770C2A3D18FD00831325 /* Assets.xcassets in Resources */,
				5D0E12042A412941005F23C9 /* panda (1).png in Resources */,
				5D0E12072A412941005F23C9 /* sandwich.png in Resources */,
				5D0E12082A412941005F23C9 /* cloud.png in Resources */,
				5D0E12012A412941005F23C9 /* cloud (1).png in Resources */,
				5D0E12022A412941005F23C9 /* chick.png in Resources */,
				5D6D770F2A3D18FD00831325 /* Main.storyboard in Resources */,
				5D0E12062A412941005F23C9 /* panda (2).png in Resources */,
			);
			runOnlyForDeploymentPostprocessing = 0;
		};
/* End PBXResourcesBuildPhase section */

/* Begin PBXSourcesBuildPhase section */
		5D6D77002A3D18FC00831325 /* Sources */ = {
			isa = PBXSourcesBuildPhase;
			buildActionMask = 2147483647;
			files = (
				5D6D770A2A3D18FC00831325 /* ViewController.swift in Sources */,
				5D6D77082A3D18FC00831325 /* AppDelegate.swift in Sources */,
				5D0E11F02A4112E1005F23C9 /* Window.swift in Sources */,
			);
			runOnlyForDeploymentPostprocessing = 0;
		};
/* End PBXSourcesBuildPhase section */

/* Begin PBXVariantGroup section */
		5D6D770D2A3D18FD00831325 /* Main.storyboard */ = {
			isa = PBXVariantGroup;
			children = (
				5D6D770E2A3D18FD00831325 /* Base */,
			);
			name = Main.storyboard;
			sourceTree = "<group>";
		};
/* End PBXVariantGroup section */

/* Begin XCBuildConfiguration section */
		5D6D77112A3D18FD00831325 /* Debug */ = {
			isa = XCBuildConfiguration;
			buildSettings = {
				ALWAYS_SEARCH_USER_PATHS = NO;
				CLANG_ANALYZER_NONNULL = YES;
				CLANG_ANALYZER_NUMBER_OBJECT_CONVERSION = YES_AGGRESSIVE;
				CLANG_CXX_LANGUAGE_STANDARD = "gnu++20";
				CLANG_ENABLE_MODULES = YES;
				CLANG_ENABLE_OBJC_ARC = YES;
				CLANG_ENABLE_OBJC_WEAK = YES;
				CLANG_WARN_BLOCK_CAPTURE_AUTORELEASING = YES;
				CLANG_WARN_BOOL_CONVERSION = YES;
				CLANG_WARN_COMMA = YES;
				CLANG_WARN_CONSTANT_CONVERSION = YES;
				CLANG_WARN_DEPRECATED_OBJC_IMPLEMENTATIONS = YES;
				CLANG_WARN_DIRECT_OBJC_ISA_USAGE = YES_ERROR;
				CLANG_WARN_DOCUMENTATION_COMMENTS = YES;
				CLANG_WARN_EMPTY_BODY = YES;
				CLANG_WARN_ENUM_CONVERSION = YES;
				CLANG_WARN_INFINITE_RECURSION = YES;
				CLANG_WARN_INT_CONVERSION = YES;
				CLANG_WARN_NON_LITERAL_NULL_CONVERSION = YES;
				CLANG_WARN_OBJC_IMPLICIT_RETAIN_SELF = YES;
				CLANG_WARN_OBJC_LITERAL_CONVERSION = YES;
				CLANG_WARN_OBJC_ROOT_CLASS = YES_ERROR;
				CLANG_WARN_QUOTED_INCLUDE_IN_FRAMEWORK_HEADER = YES;
				CLANG_WARN_RANGE_LOOP_ANALYSIS = YES;
				CLANG_WARN_STRICT_PROTOTYPES = YES;
				CLANG_WARN_SUSPICIOUS_MOVE = YES;
				CLANG_WARN_UNGUARDED_AVAILABILITY = YES_AGGRESSIVE;
				CLANG_WARN_UNREACHABLE_CODE = YES;
				CLANG_WARN__DUPLICATE_METHOD_MATCH = YES;
				COPY_PHASE_STRIP = NO;
				DEBUG_INFORMATION_FORMAT = dwarf;
				ENABLE_STRICT_OBJC_MSGSEND = YES;
				ENABLE_TESTABILITY = YES;
				GCC_C_LANGUAGE_STANDARD = gnu11;
				GCC_DYNAMIC_NO_PIC = NO;
				GCC_NO_COMMON_BLOCKS = YES;
				GCC_OPTIMIZATION_LEVEL = 0;
				GCC_PREPROCESSOR_DEFINITIONS = (
					"DEBUG=1",
					"$(inherited)",
				);
				GCC_WARN_64_TO_32_BIT_CONVERSION = YES;
				GCC_WARN_ABOUT_RETURN_TYPE = YES_ERROR;
				GCC_WARN_UNDECLARED_SELECTOR = YES;
				GCC_WARN_UNINITIALIZED_AUTOS = YES_AGGRESSIVE;
				GCC_WARN_UNUSED_FUNCTION = YES;
				GCC_WARN_UNUSED_VARIABLE = YES;
				MACOSX_DEPLOYMENT_TARGET = 13.0;
				MTL_ENABLE_DEBUG_INFO = INCLUDE_SOURCE;
				MTL_FAST_MATH = YES;
				ONLY_ACTIVE_ARCH = YES;
				SDKROOT = macosx;
				SWIFT_ACTIVE_COMPILATION_CONDITIONS = DEBUG;
				SWIFT_OPTIMIZATION_LEVEL = "-Onone";
			};
			name = Debug;
		};
		5D6D77122A3D18FD00831325 /* Release */ = {
			isa = XCBuildConfiguration;
			buildSettings = {
				ALWAYS_SEARCH_USER_PATHS = NO;
				CLANG_ANALYZER_NONNULL = YES;
				CLANG_ANALYZER_NUMBER_OBJECT_CONVERSION = YES_AGGRESSIVE;
				CLANG_CXX_LANGUAGE_STANDARD = "gnu++20";
				CLANG_ENABLE_MODULES = YES;
				CLANG_ENABLE_OBJC_ARC = YES;
				CLANG_ENABLE_OBJC_WEAK = YES;
				CLANG_WARN_BLOCK_CAPTURE_AUTORELEASING = YES;
				CLANG_WARN_BOOL_CONVERSION = YES;
				CLANG_WARN_COMMA = YES;
				CLANG_WARN_CONSTANT_CONVERSION = YES;
				CLANG_WARN_DEPRECATED_OBJC_IMPLEMENTATIONS = YES;
				CLANG_WARN_DIRECT_OBJC_ISA_USAGE = YES_ERROR;
				CLANG_WARN_DOCUMENTATION_COMMENTS = YES;
				CLANG_WARN_EMPTY_BODY = YES;
				CLANG_WARN_ENUM_CONVERSION = YES;
				CLANG_WARN_INFINITE_RECURSION = YES;
				CLANG_WARN_INT_CONVERSION = YES;
				CLANG_WARN_NON_LITERAL_NULL_CONVERSION = YES;
				CLANG_WARN_OBJC_IMPLICIT_RETAIN_SELF = YES;
				CLANG_WARN_OBJC_LITERAL_CONVERSION = YES;
				CLANG_WARN_OBJC_ROOT_CLASS = YES_ERROR;
				CLANG_WARN_QUOTED_INCLUDE_IN_FRAMEWORK_HEADER = YES;
				CLANG_WARN_RANGE_LOOP_ANALYSIS = YES;
				CLANG_WARN_STRICT_PROTOTYPES = YES;
				CLANG_WARN_SUSPICIOUS_MOVE = YES;
				CLANG_WARN_UNGUARDED_AVAILABILITY = YES_AGGRESSIVE;
				CLANG_WARN_UNREACHABLE_CODE = YES;
				CLANG_WARN__DUPLICATE_METHOD_MATCH = YES;
				COPY_PHASE_STRIP = NO;
				DEBUG_INFORMATION_FORMAT = "dwarf-with-dsym";
				ENABLE_NS_ASSERTIONS = NO;
				ENABLE_STRICT_OBJC_MSGSEND = YES;
				GCC_C_LANGUAGE_STANDARD = gnu11;
				GCC_NO_COMMON_BLOCKS = YES;
				GCC_WARN_64_TO_32_BIT_CONVERSION = YES;
				GCC_WARN_ABOUT_RETURN_TYPE = YES_ERROR;
				GCC_WARN_UNDECLARED_SELECTOR = YES;
				GCC_WARN_UNINITIALIZED_AUTOS = YES_AGGRESSIVE;
				GCC_WARN_UNUSED_FUNCTION = YES;
				GCC_WARN_UNUSED_VARIABLE = YES;
				MACOSX_DEPLOYMENT_TARGET = 13.0;
				MTL_ENABLE_DEBUG_INFO = NO;
				MTL_FAST_MATH = YES;
				SDKROOT = macosx;
				SWIFT_COMPILATION_MODE = wholemodule;
				SWIFT_OPTIMIZATION_LEVEL = "-O";
			};
			name = Release;
		};
		5D6D77142A3D18FD00831325 /* Debug */ = {
			isa = XCBuildConfiguration;
			buildSettings = {
				ASSETCATALOG_COMPILER_APPICON_NAME = AppIcon;
				ASSETCATALOG_COMPILER_GLOBAL_ACCENT_COLOR_NAME = AccentColor;
				CODE_SIGN_ENTITLEMENTS = BreakTime/BreakTime.entitlements;
				CODE_SIGN_STYLE = Automatic;
				COMBINE_HIDPI_IMAGES = YES;
				CURRENT_PROJECT_VERSION = 1;
				DEVELOPMENT_TEAM = GG6AP29TU3;
				ENABLE_HARDENED_RUNTIME = YES;
				GENERATE_INFOPLIST_FILE = YES;
				INFOPLIST_KEY_NSHumanReadableCopyright = "";
				INFOPLIST_KEY_NSMainStoryboardFile = Main;
				INFOPLIST_KEY_NSPrincipalClass = NSApplication;
				LD_RUNPATH_SEARCH_PATHS = (
					"$(inherited)",
					"@executable_path/../Frameworks",
				);
				MARKETING_VERSION = 1.0;
				PRODUCT_BUNDLE_IDENTIFIER = "Taylor-Givens.BreakTime";
				PRODUCT_NAME = "$(TARGET_NAME)";
				SWIFT_EMIT_LOC_STRINGS = YES;
				SWIFT_VERSION = 5.0;
			};
			name = Debug;
		};
		5D6D77152A3D18FD00831325 /* Release */ = {
			isa = XCBuildConfiguration;
			buildSettings = {
				ASSETCATALOG_COMPILER_APPICON_NAME = AppIcon;
				ASSETCATALOG_COMPILER_GLOBAL_ACCENT_COLOR_NAME = AccentColor;
				CODE_SIGN_ENTITLEMENTS = BreakTime/BreakTime.entitlements;
				CODE_SIGN_STYLE = Automatic;
				COMBINE_HIDPI_IMAGES = YES;
				CURRENT_PROJECT_VERSION = 1;
				DEVELOPMENT_TEAM = GG6AP29TU3;
				ENABLE_HARDENED_RUNTIME = YES;
				GENERATE_INFOPLIST_FILE = YES;
				INFOPLIST_KEY_NSHumanReadableCopyright = "";
				INFOPLIST_KEY_NSMainStoryboardFile = Main;
				INFOPLIST_KEY_NSPrincipalClass = NSApplication;
				LD_RUNPATH_SEARCH_PATHS = (
					"$(inherited)",
					"@executable_path/../Frameworks",
				);
				MARKETING_VERSION = 1.0;
				PRODUCT_BUNDLE_IDENTIFIER = "Taylor-Givens.BreakTime";
				PRODUCT_NAME = "$(TARGET_NAME)";
				SWIFT_EMIT_LOC_STRINGS = YES;
				SWIFT_VERSION = 5.0;
			};
			name = Release;
		};
/* End XCBuildConfiguration section */

/* Begin XCConfigurationList section */
		5D6D76FF2A3D18FC00831325 /* Build configuration list for PBXProject "BreakTime" */ = {
			isa = XCConfigurationList;
			buildConfigurations = (
				5D6D77112A3D18FD00831325 /* Debug */,
				5D6D77122A3D18FD00831325 /* Release */,
			);
			defaultConfigurationIsVisible = 0;
			defaultConfigurationName = Release;
		};
		5D6D77132A3D18FD00831325 /* Build configuration list for PBXNativeTarget "BreakTime" */ = {
			isa = XCConfigurationList;
			buildConfigurations = (
				5D6D77142A3D18FD00831325 /* Debug */,
				5D6D77152A3D18FD00831325 /* Release */,
			);
			defaultConfigurationIsVisible = 0;
			defaultConfigurationName = Release;
		};
/* End XCConfigurationList section */
	};
	rootObject = 5D6D76FC2A3D18FC00831325 /* Project object */;
}
